
Microsoft Visual Studio Solution File, Format Version 12.00
# Visual Studio Version 17
VisualStudioVersion = 17.9.34701.34
MinimumVisualStudioVersion = 10.0.40219.1
Project("{FAE04EC0-301F-11D3-BF4B-00C04F79EFBC}") = "RR", "RR\RR.csproj", "{D30C27C2-B603-43A2-A361-D07701528A4B}"
EndProject
Global
	GlobalSection(SolutionConfigurationPlatforms) = preSolution
		Debug|Any CPU = Debug|Any CPU
		Release|Any CPU = Release|Any CPU
	EndGlobalSection
	GlobalSection(ProjectConfigurationPlatforms) = postSolution
		{D30C27C2-B603-43A2-A361-D07701528A4B}.Debug|Any CPU.ActiveCfg = Debug|Any CPU
		{D30C27C2-B603-43A2-A361-D07701528A4B}.Debug|Any CPU.Build.0 = Debug|Any CPU
		{D30C27C2-B603-43A2-A361-D07701528A4B}.Release|Any CPU.ActiveCfg = Release|Any CPU
		{D30C27C2-B603-43A2-A361-D07701528A4B}.Release|Any CPU.Build.0 = Release|Any CPU
	EndGlobalSection
	GlobalSection(SolutionProperties) = preSolution
		HideSolutionNode = FALSE
	EndGlobalSection
	GlobalSection(ExtensibilityGlobals) = postSolution
		SolutionGuid = {7E3B782A-DD9D-4C83-8C8A-CF9AF62A950A}
	EndGlobalSection
EndGlobal
